
Microsoft Visual Studio Solution File, Format Version 12.00
# Visual Studio Version 17
VisualStudioVersion = 17.5.002.0
MinimumVisualStudioVersion = 10.0.40219.1
Project("{9A19103F-16F7-4668-BE54-9A1E7A4F7556}") = "sum of array", "sum of array.csproj", "{3F026D85-CB34-4E97-AF70-8C9F265AB917}"
EndProject
Global
	GlobalSection(SolutionConfigurationPlatforms) = preSolution
		Debug|Any CPU = Debug|Any CPU
		Release|Any CPU = Release|Any CPU
	EndGlobalSection
	GlobalSection(ProjectConfigurationPlatforms) = postSolution
		{3F026D85-CB34-4E97-AF70-8C9F265AB917}.Debug|Any CPU.ActiveCfg = Debug|Any CPU
		{3F026D85-CB34-4E97-AF70-8C9F265AB917}.Debug|Any CPU.Build.0 = Debug|Any CPU
		{3F026D85-CB34-4E97-AF70-8C9F265AB917}.Release|Any CPU.ActiveCfg = Release|Any CPU
		{3F026D85-CB34-4E97-AF70-8C9F265AB917}.Release|Any CPU.Build.0 = Release|Any CPU
	EndGlobalSection
	GlobalSection(SolutionProperties) = preSolution
		HideSolutionNode = FALSE
	EndGlobalSection
	GlobalSection(ExtensibilityGlobals) = postSolution
		SolutionGuid = {222B795D-7A54-4589-808E-2481D4714C0F}
	EndGlobalSection
EndGlobal
