Microsoft Visual Studio Solution File, Format Version 12.00
# Visual Studio 2012
Project("{FAE04EC0-301F-11D3-BF4B-00C04F79EFBC}") = "small game form tutotrial", "small game form tutotrial.csproj", "{AF68AD5D-984B-4B36-A453-A552E9E152DF}"
EndProject
Global
	GlobalSection(SolutionConfigurationPlatforms) = preSolution
	Debug|Any CPU = Debug|Any CPU
	ExportDebug|Any CPU = ExportDebug|Any CPU
	ExportRelease|Any CPU = ExportRelease|Any CPU
	EndGlobalSection
	GlobalSection(ProjectConfigurationPlatforms) = postSolution
		{AF68AD5D-984B-4B36-A453-A552E9E152DF}.Debug|Any CPU.ActiveCfg = Debug|Any CPU
		{AF68AD5D-984B-4B36-A453-A552E9E152DF}.Debug|Any CPU.Build.0 = Debug|Any CPU
		{AF68AD5D-984B-4B36-A453-A552E9E152DF}.ExportDebug|Any CPU.ActiveCfg = ExportDebug|Any CPU
		{AF68AD5D-984B-4B36-A453-A552E9E152DF}.ExportDebug|Any CPU.Build.0 = ExportDebug|Any CPU
		{AF68AD5D-984B-4B36-A453-A552E9E152DF}.ExportRelease|Any CPU.ActiveCfg = ExportRelease|Any CPU
		{AF68AD5D-984B-4B36-A453-A552E9E152DF}.ExportRelease|Any CPU.Build.0 = ExportRelease|Any CPU
	EndGlobalSection
EndGlobal
