
Microsoft Visual Studio Solution File, Format Version 12.00
# Visual Studio Version 17
VisualStudioVersion = 17.5.002.0
MinimumVisualStudioVersion = 10.0.40219.1
Project("{9A19103F-16F7-4668-BE54-9A1E7A4F7556}") = "PolySolve", "PolySolve.csproj", "{0BDEDE4D-F7FE-4B69-A780-20DB3009BCBF}"
EndProject
Global
	GlobalSection(SolutionConfigurationPlatforms) = preSolution
		Debug|Any CPU = Debug|Any CPU
		Release|Any CPU = Release|Any CPU
	EndGlobalSection
	GlobalSection(ProjectConfigurationPlatforms) = postSolution
		{0BDEDE4D-F7FE-4B69-A780-20DB3009BCBF}.Debug|Any CPU.ActiveCfg = Debug|Any CPU
		{0BDEDE4D-F7FE-4B69-A780-20DB3009BCBF}.Debug|Any CPU.Build.0 = Debug|Any CPU
		{0BDEDE4D-F7FE-4B69-A780-20DB3009BCBF}.Release|Any CPU.ActiveCfg = Release|Any CPU
		{0BDEDE4D-F7FE-4B69-A780-20DB3009BCBF}.Release|Any CPU.Build.0 = Release|Any CPU
	EndGlobalSection
	GlobalSection(SolutionProperties) = preSolution
		HideSolutionNode = FALSE
	EndGlobalSection
	GlobalSection(ExtensibilityGlobals) = postSolution
		SolutionGuid = {E3205FED-F6E4-4B7A-B462-389EC771AAB3}
	EndGlobalSection
EndGlobal
